version: 1.0
shards:
  crinja:
    github: straight-shoota/crinja
    version: 0.3.0

  kemal:
    github: kemalcr/kemal
    version: 0.22.0

  kilt:
    github: jeromegn/kilt
    version: 0.4.0

  markd:
    github: icyleaf/markd
    version: 0.1.1

  radix:
    github: luislavena/radix
    version: 0.3.8

  sass:
    github: straight-shoota/sass.cr
    commit: 02f96816d25b3fb09ef255b2fcef053c93f22f81

